<?xml version="1.0" encoding="utf-8"?>
<Project ToolsVersion="4.0" xmlns="http://schemas.microsoft.com/developer/msbuild/2003">
  <ItemGroup>
    <Filter Include="Файлы исходного кода">
      <UniqueIdentifier>{4FC737F1-C7A5-4376-A066-2A32D752A2FF}</UniqueIdentifier>
      <Extensions>cpp;c;cc;cxx;def;odl;idl;hpj;bat;asm;asmx</Extensions>
    </Filter>
    <Filter Include="Заголовочные файлы">
      <UniqueIdentifier>{93995380-89BD-4b04-88EB-625FBE52EBFB}</UniqueIdentifier>
      <Extensions>h;hpp;hxx;hm;inl;inc;xsd</Extensions>
    </Filter>
    <Filter Include="Файлы ресурсов">
      <UniqueIdentifier>{67DA6AB6-F800-4c08-8B7A-83BB121AAD01}</UniqueIdentifier>
      <Extensions>rc;ico;cur;bmp;dlg;rc2;rct;bin;rgs;gif;jpg;jpeg;jpe;resx;tiff;tif;png;wav;mfcribbon-ms</Extensions>
    </Filter>
  </ItemGroup>
  <ItemGroup>
    <ClCompile Include="user_choice.cpp">
      <Filter>Файлы исходного кода</Filter>
    </ClCompile>
    <ClCompile Include="functions.cpp">
      <Filter>Файлы исходного кода</Filter>
    </ClCompile>
    <ClCompile Include="administrator_identification.cpp">
      <Filter>Файлы исходного кода</Filter>
    </ClCompile>
    <ClCompile Include="admin_menu.cpp">
      <Filter>Файлы исходного кода</Filter>
    </ClCompile>
    <ClCompile Include="flight_input.cpp">
      <Filter>Файлы исходного кода</Filter>
    </ClCompile>
    <ClCompile Include="edit_type_selection.cpp">
      <Filter>Файлы исходного кода</Filter>
    </ClCompile>
    <ClCompile Include="edit_specific_field.cpp">
      <Filter>Файлы исходного кода</Filter>
    </ClCompile>
    <ClCompile Include="flight_output.cpp">
      <Filter>Файлы исходного кода</Filter>
    </ClCompile>
    <ClCompile Include="delete_a_specific_flight.cpp">
      <Filter>Файлы исходного кода</Filter>
    </ClCompile>
    <ClCompile Include="flight_output_on_request.cpp">
      <Filter>Файлы исходного кода</Filter>
    </ClCompile>
    <ClCompile Include="visitor_menu.cpp">
      <Filter>Файлы исходного кода</Filter>
    </ClCompile>
    <ClCompile Include="game_in_the_city.cpp">
      <Filter>Файлы исходного кода</Filter>
    </ClCompile>
    <ClCompile Include="flight_output_on_request_user.cpp">
      <Filter>Файлы исходного кода</Filter>
    </ClCompile>
    <ClCompile Include="flight_output_user.cpp">
      <Filter>Файлы исходного кода</Filter>
    </ClCompile>
    <ClCompile Include="сhange_password.cpp">
      <Filter>Файлы исходного кода</Filter>
    </ClCompile>
    <ClCompile Include="adding_flights.cpp">
      <Filter>Файлы исходного кода</Filter>
    </ClCompile>
    <ClCompile Include="delete_all_flights.cpp">
      <Filter>Файлы исходного кода</Filter>
    </ClCompile>
    <ClCompile Include="found_flights.cpp">
      <Filter>Файлы исходного кода</Filter>
    </ClCompile>
  </ItemGroup>
  <ItemGroup>
    <ClInclude Include="user_choice.h">
      <Filter>Заголовочные файлы</Filter>
    </ClInclude>
    <ClInclude Include="functions.h">
      <Filter>Заголовочные файлы</Filter>
    </ClInclude>
    <ClInclude Include="administrator_identification.h">
      <Filter>Заголовочные файлы</Filter>
    </ClInclude>
    <ClInclude Include="admin_menu.h">
      <Filter>Заголовочные файлы</Filter>
    </ClInclude>
    <ClInclude Include="flight_input.h">
      <Filter>Заголовочные файлы</Filter>
    </ClInclude>
    <ClInclude Include="edit_type_selection.h">
      <Filter>Заголовочные файлы</Filter>
    </ClInclude>
    <ClInclude Include="edit_specific_field.h">
      <Filter>Заголовочные файлы</Filter>
    </ClInclude>
    <ClInclude Include="flight_output.h">
      <Filter>Заголовочные файлы</Filter>
    </ClInclude>
    <ClInclude Include="delete_a_specific_flight.h">
      <Filter>Заголовочные файлы</Filter>
    </ClInclude>
    <ClInclude Include="flight_output_on_request.h">
      <Filter>Заголовочные файлы</Filter>
    </ClInclude>
    <ClInclude Include="visitor_menu.h">
      <Filter>Заголовочные файлы</Filter>
    </ClInclude>
    <ClInclude Include="game_in_the_city.h">
      <Filter>Заголовочные файлы</Filter>
    </ClInclude>
    <ClInclude Include="flight_output_on_request_user.h">
      <Filter>Заголовочные файлы</Filter>
    </ClInclude>
    <ClInclude Include="flight_output_user.h">
      <Filter>Заголовочные файлы</Filter>
    </ClInclude>
    <ClInclude Include="сhange_password.h">
      <Filter>Заголовочные файлы</Filter>
    </ClInclude>
    <ClInclude Include="adding_flights.h">
      <Filter>Заголовочные файлы</Filter>
    </ClInclude>
    <ClInclude Include="delete_all_flights.h">
      <Filter>Заголовочные файлы</Filter>
    </ClInclude>
    <ClInclude Include="found_flights.h">
      <Filter>Заголовочные файлы</Filter>
    </ClInclude>
  </ItemGroup>
  <ItemGroup>
    <EmbeddedResource Include="administrator_identification.resx">
      <Filter>Файлы ресурсов</Filter>
    </EmbeddedResource>
    <EmbeddedResource Include="admin_menu.resx">
      <Filter>Файлы ресурсов</Filter>
    </EmbeddedResource>
    <EmbeddedResource Include="delete_a_specific_flight.resx">
      <Filter>Файлы ресурсов</Filter>
    </EmbeddedResource>
    <EmbeddedResource Include="edit_specific_field.resx">
      <Filter>Файлы ресурсов</Filter>
    </EmbeddedResource>
    <EmbeddedResource Include="edit_type_selection.resx">
      <Filter>Файлы ресурсов</Filter>
    </EmbeddedResource>
    <EmbeddedResource Include="flight_input.resx">
      <Filter>Файлы ресурсов</Filter>
    </EmbeddedResource>
    <EmbeddedResource Include="flight_output.resx">
      <Filter>Файлы ресурсов</Filter>
    </EmbeddedResource>
    <EmbeddedResource Include="user_choice.resx">
      <Filter>Файлы ресурсов</Filter>
    </EmbeddedResource>
    <EmbeddedResource Include="flight_output_on_request.resx">
      <Filter>Файлы ресурсов</Filter>
    </EmbeddedResource>
    <EmbeddedResource Include="game_in_the_city.resx">
      <Filter>Файлы ресурсов</Filter>
    </EmbeddedResource>
    <EmbeddedResource Include="visitor_menu.resx">
      <Filter>Файлы ресурсов</Filter>
    </EmbeddedResource>
    <EmbeddedResource Include="flight_output_on_request_user.resx">
      <Filter>Файлы ресурсов</Filter>
    </EmbeddedResource>
    <EmbeddedResource Include="flight_output_user.resx">
      <Filter>Файлы ресурсов</Filter>
    </EmbeddedResource>
    <EmbeddedResource Include="сhange_password.resx">
      <Filter>Файлы ресурсов</Filter>
    </EmbeddedResource>
    <EmbeddedResource Include="adding_flights.resx">
      <Filter>Файлы ресурсов</Filter>
    </EmbeddedResource>
    <EmbeddedResource Include="delete_all_flights.resx">
      <Filter>Файлы ресурсов</Filter>
    </EmbeddedResource>
    <EmbeddedResource Include="found_flights.resx">
      <Filter>Файлы ресурсов</Filter>
    </EmbeddedResource>
  </ItemGroup>
  <ItemGroup>
    <None Include="flight_schedule.txt">
      <Filter>Файлы исходного кода</Filter>
    </None>
    <None Include="cities.txt">
      <Filter>Файлы исходного кода</Filter>
    </None>
  </ItemGroup>
</Project>